
Microsoft Visual Studio Solution File, Format Version 12.00
# Visual Studio 14
VisualStudioVersion = 14.0.25420.1
MinimumVisualStudioVersion = 10.0.40219.1
Project("{FAE04EC0-301F-11D3-BF4B-00C04F79EFBC}") = "UsuarioBiblioteca.Domain", "src\UsuarioBiblioteca\UsuarioBiblioteca.Domain.csproj", "{739EA4C4-0FE9-41AC-9D6E-96BBD9B4D839}"
EndProject
Project("{2150E333-8FDC-42A3-9474-1A3956D46DE8}") = "1 - Presentation", "1 - Presentation", "{FD2F500A-D43F-4174-A7DE-FDEC9BF7F4C1}"
EndProject
Project("{2150E333-8FDC-42A3-9474-1A3956D46DE8}") = "2 - Bounded Context", "2 - Bounded Context", "{49DC461D-160F-4D1A-AE0E-52640B7C9930}"
EndProject
Project("{2150E333-8FDC-42A3-9474-1A3956D46DE8}") = "3 - Resources", "3 - Resources", "{2AFA97EA-8E4B-47E8-8E90-06B2424D14A3}"
EndProject
Project("{2150E333-8FDC-42A3-9474-1A3956D46DE8}") = "Biblioteca", "Biblioteca", "{AB29C773-CC9D-4F32-8EF6-F886B5F7B620}"
EndProject
Project("{2150E333-8FDC-42A3-9474-1A3956D46DE8}") = "Exemplares", "Exemplares", "{ED9A88B9-78A1-4045-AD67-F5EE1673FA7B}"
EndProject
Project("{FAE04EC0-301F-11D3-BF4B-00C04F79EFBC}") = "UsuarioBiblioteca.Data", "src\UsuarioBiblioteca.Data\UsuarioBiblioteca.Data.csproj", "{77BA261C-28B9-419C-B004-707C6D21680E}"
EndProject
Project("{FAE04EC0-301F-11D3-BF4B-00C04F79EFBC}") = "UsuarioBiblioteca.Application", "src\UsuarioBiblioteca.Application\UsuarioBiblioteca.Application.csproj", "{1F0FA24E-CE2C-4DDF-BCD7-09E022C42169}"
EndProject
Project("{FAE04EC0-301F-11D3-BF4B-00C04F79EFBC}") = "UsuarioBiblioteca.Test", "test\UsuarioBiblioteca.Test\UsuarioBiblioteca.Test.csproj", "{6BBB5E97-0886-4EFE-8D49-5D34DED8805E}"
EndProject
Project("{FAE04EC0-301F-11D3-BF4B-00C04F79EFBC}") = "Exemplares.Domain", "src\Exemplares.Domain\Exemplares.Domain.csproj", "{64136294-1322-4419-AA07-583CFD76A45A}"
EndProject
Project("{FAE04EC0-301F-11D3-BF4B-00C04F79EFBC}") = "Exemplares.Application", "src\Exemplares.Application\Exemplares.Application.csproj", "{0F547BCD-D0B5-4B3E-866C-5AB1B399C7CD}"
EndProject
Project("{FAE04EC0-301F-11D3-BF4B-00C04F79EFBC}") = "Exemplares.Data", "src\Exemplares.Data\Exemplares.Data.csproj", "{854E9250-5245-4EAF-820C-2E764BCD2580}"
EndProject
Project("{FAE04EC0-301F-11D3-BF4B-00C04F79EFBC}") = "Exemplares.Test", "test\Exemplares.Test\Exemplares.Test.csproj", "{7D049637-9C71-4B0F-A686-F8C4007000CF}"
EndProject
Project("{FAE04EC0-301F-11D3-BF4B-00C04F79EFBC}") = "Biblioteca.Core.Infra", "src\Biblioteca.Core.Infra\Biblioteca.Core.Infra.csproj", "{E865FCF8-ADA1-4708-BFD2-5D00A5EB41A9}"
EndProject
Project("{FAE04EC0-301F-11D3-BF4B-00C04F79EFBC}") = "Biblioteca.Core.Domain", "src\Biblioteca.Core.Domain\Biblioteca.Core.Domain.csproj", "{3919576B-982A-4770-827F-48D1840FDEE8}"
EndProject
Project("{2150E333-8FDC-42A3-9474-1A3956D46DE8}") = "Usuario", "Usuario", "{BA7A18E9-13A3-4D60-954E-27EFC720C357}"
EndProject
Project("{FAE04EC0-301F-11D3-BF4B-00C04F79EFBC}") = "Usuario.Domain", "src\Usuario.Domain\Usuario.Domain.csproj", "{8AA29222-F191-4807-A370-86304DC875F6}"
EndProject
Project("{FAE04EC0-301F-11D3-BF4B-00C04F79EFBC}") = "Usuario.Application", "src\Usuario.Application\Usuario.Application.csproj", "{4100F9A2-F65F-4B54-89D6-6F4AD865190C}"
EndProject
Project("{FAE04EC0-301F-11D3-BF4B-00C04F79EFBC}") = "Usuario.Data", "src\Usuario.Data\Usuario.Data.csproj", "{5CEFA7CC-02A8-4622-9AF4-E3602762B0D5}"
EndProject
Project("{2150E333-8FDC-42A3-9474-1A3956D46DE8}") = "LogRegistro", "LogRegistro", "{2B48E89A-A323-43D8-80FB-DCF35585228D}"
EndProject
Project("{FAE04EC0-301F-11D3-BF4B-00C04F79EFBC}") = "Log.Domain", "src\Log.Domain\Log.Domain.csproj", "{70E7DCDB-F4F8-4AC2-AE79-235EB48E8EBB}"
EndProject
Project("{FAE04EC0-301F-11D3-BF4B-00C04F79EFBC}") = "Log.Application", "src\Log.Application\Log.Application.csproj", "{D137BE2C-043C-49AD-B583-CCE6FD514DB7}"
EndProject
Project("{FAE04EC0-301F-11D3-BF4B-00C04F79EFBC}") = "Log.Data", "src\Log.Data\Log.Data.csproj", "{3AC113C4-F143-4CA2-8D3C-6A50D5B95132}"
EndProject
Global
	GlobalSection(SolutionConfigurationPlatforms) = preSolution
		Debug|Any CPU = Debug|Any CPU
		Release|Any CPU = Release|Any CPU
	EndGlobalSection
	GlobalSection(ProjectConfigurationPlatforms) = postSolution
		{739EA4C4-0FE9-41AC-9D6E-96BBD9B4D839}.Debug|Any CPU.ActiveCfg = Debug|Any CPU
		{739EA4C4-0FE9-41AC-9D6E-96BBD9B4D839}.Debug|Any CPU.Build.0 = Debug|Any CPU
		{739EA4C4-0FE9-41AC-9D6E-96BBD9B4D839}.Release|Any CPU.ActiveCfg = Release|Any CPU
		{739EA4C4-0FE9-41AC-9D6E-96BBD9B4D839}.Release|Any CPU.Build.0 = Release|Any CPU
		{77BA261C-28B9-419C-B004-707C6D21680E}.Debug|Any CPU.ActiveCfg = Debug|Any CPU
		{77BA261C-28B9-419C-B004-707C6D21680E}.Debug|Any CPU.Build.0 = Debug|Any CPU
		{77BA261C-28B9-419C-B004-707C6D21680E}.Release|Any CPU.ActiveCfg = Release|Any CPU
		{77BA261C-28B9-419C-B004-707C6D21680E}.Release|Any CPU.Build.0 = Release|Any CPU
		{1F0FA24E-CE2C-4DDF-BCD7-09E022C42169}.Debug|Any CPU.ActiveCfg = Debug|Any CPU
		{1F0FA24E-CE2C-4DDF-BCD7-09E022C42169}.Debug|Any CPU.Build.0 = Debug|Any CPU
		{1F0FA24E-CE2C-4DDF-BCD7-09E022C42169}.Release|Any CPU.ActiveCfg = Release|Any CPU
		{1F0FA24E-CE2C-4DDF-BCD7-09E022C42169}.Release|Any CPU.Build.0 = Release|Any CPU
		{6BBB5E97-0886-4EFE-8D49-5D34DED8805E}.Debug|Any CPU.ActiveCfg = Debug|Any CPU
		{6BBB5E97-0886-4EFE-8D49-5D34DED8805E}.Debug|Any CPU.Build.0 = Debug|Any CPU
		{6BBB5E97-0886-4EFE-8D49-5D34DED8805E}.Release|Any CPU.ActiveCfg = Release|Any CPU
		{6BBB5E97-0886-4EFE-8D49-5D34DED8805E}.Release|Any CPU.Build.0 = Release|Any CPU
		{64136294-1322-4419-AA07-583CFD76A45A}.Debug|Any CPU.ActiveCfg = Debug|Any CPU
		{64136294-1322-4419-AA07-583CFD76A45A}.Debug|Any CPU.Build.0 = Debug|Any CPU
		{64136294-1322-4419-AA07-583CFD76A45A}.Release|Any CPU.ActiveCfg = Release|Any CPU
		{64136294-1322-4419-AA07-583CFD76A45A}.Release|Any CPU.Build.0 = Release|Any CPU
		{0F547BCD-D0B5-4B3E-866C-5AB1B399C7CD}.Debug|Any CPU.ActiveCfg = Debug|Any CPU
		{0F547BCD-D0B5-4B3E-866C-5AB1B399C7CD}.Debug|Any CPU.Build.0 = Debug|Any CPU
		{0F547BCD-D0B5-4B3E-866C-5AB1B399C7CD}.Release|Any CPU.ActiveCfg = Release|Any CPU
		{0F547BCD-D0B5-4B3E-866C-5AB1B399C7CD}.Release|Any CPU.Build.0 = Release|Any CPU
		{854E9250-5245-4EAF-820C-2E764BCD2580}.Debug|Any CPU.ActiveCfg = Debug|Any CPU
		{854E9250-5245-4EAF-820C-2E764BCD2580}.Debug|Any CPU.Build.0 = Debug|Any CPU
		{854E9250-5245-4EAF-820C-2E764BCD2580}.Release|Any CPU.ActiveCfg = Release|Any CPU
		{854E9250-5245-4EAF-820C-2E764BCD2580}.Release|Any CPU.Build.0 = Release|Any CPU
		{7D049637-9C71-4B0F-A686-F8C4007000CF}.Debug|Any CPU.ActiveCfg = Debug|Any CPU
		{7D049637-9C71-4B0F-A686-F8C4007000CF}.Debug|Any CPU.Build.0 = Debug|Any CPU
		{7D049637-9C71-4B0F-A686-F8C4007000CF}.Release|Any CPU.ActiveCfg = Release|Any CPU
		{7D049637-9C71-4B0F-A686-F8C4007000CF}.Release|Any CPU.Build.0 = Release|Any CPU
		{E865FCF8-ADA1-4708-BFD2-5D00A5EB41A9}.Debug|Any CPU.ActiveCfg = Debug|Any CPU
		{E865FCF8-ADA1-4708-BFD2-5D00A5EB41A9}.Debug|Any CPU.Build.0 = Debug|Any CPU
		{E865FCF8-ADA1-4708-BFD2-5D00A5EB41A9}.Release|Any CPU.ActiveCfg = Release|Any CPU
		{E865FCF8-ADA1-4708-BFD2-5D00A5EB41A9}.Release|Any CPU.Build.0 = Release|Any CPU
		{3919576B-982A-4770-827F-48D1840FDEE8}.Debug|Any CPU.ActiveCfg = Debug|Any CPU
		{3919576B-982A-4770-827F-48D1840FDEE8}.Debug|Any CPU.Build.0 = Debug|Any CPU
		{3919576B-982A-4770-827F-48D1840FDEE8}.Release|Any CPU.ActiveCfg = Release|Any CPU
		{3919576B-982A-4770-827F-48D1840FDEE8}.Release|Any CPU.Build.0 = Release|Any CPU
		{8AA29222-F191-4807-A370-86304DC875F6}.Debug|Any CPU.ActiveCfg = Debug|Any CPU
		{8AA29222-F191-4807-A370-86304DC875F6}.Debug|Any CPU.Build.0 = Debug|Any CPU
		{8AA29222-F191-4807-A370-86304DC875F6}.Release|Any CPU.ActiveCfg = Release|Any CPU
		{8AA29222-F191-4807-A370-86304DC875F6}.Release|Any CPU.Build.0 = Release|Any CPU
		{4100F9A2-F65F-4B54-89D6-6F4AD865190C}.Debug|Any CPU.ActiveCfg = Debug|Any CPU
		{4100F9A2-F65F-4B54-89D6-6F4AD865190C}.Debug|Any CPU.Build.0 = Debug|Any CPU
		{4100F9A2-F65F-4B54-89D6-6F4AD865190C}.Release|Any CPU.ActiveCfg = Release|Any CPU
		{4100F9A2-F65F-4B54-89D6-6F4AD865190C}.Release|Any CPU.Build.0 = Release|Any CPU
		{5CEFA7CC-02A8-4622-9AF4-E3602762B0D5}.Debug|Any CPU.ActiveCfg = Debug|Any CPU
		{5CEFA7CC-02A8-4622-9AF4-E3602762B0D5}.Debug|Any CPU.Build.0 = Debug|Any CPU
		{5CEFA7CC-02A8-4622-9AF4-E3602762B0D5}.Release|Any CPU.ActiveCfg = Release|Any CPU
		{5CEFA7CC-02A8-4622-9AF4-E3602762B0D5}.Release|Any CPU.Build.0 = Release|Any CPU
		{70E7DCDB-F4F8-4AC2-AE79-235EB48E8EBB}.Debug|Any CPU.ActiveCfg = Debug|Any CPU
		{70E7DCDB-F4F8-4AC2-AE79-235EB48E8EBB}.Debug|Any CPU.Build.0 = Debug|Any CPU
		{70E7DCDB-F4F8-4AC2-AE79-235EB48E8EBB}.Release|Any CPU.ActiveCfg = Release|Any CPU
		{70E7DCDB-F4F8-4AC2-AE79-235EB48E8EBB}.Release|Any CPU.Build.0 = Release|Any CPU
		{D137BE2C-043C-49AD-B583-CCE6FD514DB7}.Debug|Any CPU.ActiveCfg = Debug|Any CPU
		{D137BE2C-043C-49AD-B583-CCE6FD514DB7}.Debug|Any CPU.Build.0 = Debug|Any CPU
		{D137BE2C-043C-49AD-B583-CCE6FD514DB7}.Release|Any CPU.ActiveCfg = Release|Any CPU
		{D137BE2C-043C-49AD-B583-CCE6FD514DB7}.Release|Any CPU.Build.0 = Release|Any CPU
		{3AC113C4-F143-4CA2-8D3C-6A50D5B95132}.Debug|Any CPU.ActiveCfg = Debug|Any CPU
		{3AC113C4-F143-4CA2-8D3C-6A50D5B95132}.Debug|Any CPU.Build.0 = Debug|Any CPU
		{3AC113C4-F143-4CA2-8D3C-6A50D5B95132}.Release|Any CPU.ActiveCfg = Release|Any CPU
		{3AC113C4-F143-4CA2-8D3C-6A50D5B95132}.Release|Any CPU.Build.0 = Release|Any CPU
	EndGlobalSection
	GlobalSection(SolutionProperties) = preSolution
		HideSolutionNode = FALSE
	EndGlobalSection
	GlobalSection(NestedProjects) = preSolution
		{739EA4C4-0FE9-41AC-9D6E-96BBD9B4D839} = {AB29C773-CC9D-4F32-8EF6-F886B5F7B620}
		{AB29C773-CC9D-4F32-8EF6-F886B5F7B620} = {49DC461D-160F-4D1A-AE0E-52640B7C9930}
		{ED9A88B9-78A1-4045-AD67-F5EE1673FA7B} = {49DC461D-160F-4D1A-AE0E-52640B7C9930}
		{77BA261C-28B9-419C-B004-707C6D21680E} = {AB29C773-CC9D-4F32-8EF6-F886B5F7B620}
		{1F0FA24E-CE2C-4DDF-BCD7-09E022C42169} = {AB29C773-CC9D-4F32-8EF6-F886B5F7B620}
		{6BBB5E97-0886-4EFE-8D49-5D34DED8805E} = {AB29C773-CC9D-4F32-8EF6-F886B5F7B620}
		{64136294-1322-4419-AA07-583CFD76A45A} = {ED9A88B9-78A1-4045-AD67-F5EE1673FA7B}
		{0F547BCD-D0B5-4B3E-866C-5AB1B399C7CD} = {ED9A88B9-78A1-4045-AD67-F5EE1673FA7B}
		{854E9250-5245-4EAF-820C-2E764BCD2580} = {ED9A88B9-78A1-4045-AD67-F5EE1673FA7B}
		{7D049637-9C71-4B0F-A686-F8C4007000CF} = {ED9A88B9-78A1-4045-AD67-F5EE1673FA7B}
		{E865FCF8-ADA1-4708-BFD2-5D00A5EB41A9} = {2AFA97EA-8E4B-47E8-8E90-06B2424D14A3}
		{3919576B-982A-4770-827F-48D1840FDEE8} = {2AFA97EA-8E4B-47E8-8E90-06B2424D14A3}
		{BA7A18E9-13A3-4D60-954E-27EFC720C357} = {49DC461D-160F-4D1A-AE0E-52640B7C9930}
		{8AA29222-F191-4807-A370-86304DC875F6} = {BA7A18E9-13A3-4D60-954E-27EFC720C357}
		{4100F9A2-F65F-4B54-89D6-6F4AD865190C} = {BA7A18E9-13A3-4D60-954E-27EFC720C357}
		{5CEFA7CC-02A8-4622-9AF4-E3602762B0D5} = {BA7A18E9-13A3-4D60-954E-27EFC720C357}
		{2B48E89A-A323-43D8-80FB-DCF35585228D} = {49DC461D-160F-4D1A-AE0E-52640B7C9930}
		{70E7DCDB-F4F8-4AC2-AE79-235EB48E8EBB} = {2B48E89A-A323-43D8-80FB-DCF35585228D}
		{D137BE2C-043C-49AD-B583-CCE6FD514DB7} = {2B48E89A-A323-43D8-80FB-DCF35585228D}
		{3AC113C4-F143-4CA2-8D3C-6A50D5B95132} = {2B48E89A-A323-43D8-80FB-DCF35585228D}
	EndGlobalSection
EndGlobal
